// !$*UTF8*$!
{
	archiveVersion = 1;
	classes = {
	};
	objectVersion = 46;
	objects = {

/* Begin PBXBuildFile section */
		A6025F2B1D38E19400A2775A /* json_reader.cpp in Sources */ = {isa = PBXBuildFile; fileRef = A6025F201D38E19400A2775A /* json_reader.cpp */; };
		A6025F2C1D38E19400A2775A /* json_value.cpp in Sources */ = {isa = PBXBuildFile; fileRef = A6025F211D38E19400A2775A /* json_value.cpp */; };
		A6025F2D1D38E19400A2775A /* json_writer.cpp in Sources */ = {isa = PBXBuildFile; fileRef = A6025F231D38E19400A2775A /* json_writer.cpp */; };
/* End PBXBuildFile section */

/* Begin PBXCopyFilesBuildPhase section */
		A6025F001D38E15D00A2775A /* CopyFiles */ = {
			isa = PBXCopyFilesBuildPhase;
			buildActionMask = 2147483647;
			dstPath = "include/$(PRODUCT_NAME)";
			dstSubfolderSpec = 16;
			files = (
			);
			runOnlyForDeploymentPostprocessing = 0;
		};
/* End PBXCopyFilesBuildPhase section */

/* Begin PBXFileReference section */
		A6025F021D38E15D00A2775A /* libjson.a */ = {isa = PBXFileReference; explicitFileType = archive.ar; includeInIndex = 0; path = libjson.a; sourceTree = BUILT_PRODUCTS_DIR; };
		A6025F101D38E19400A2775A /* autolink.h */ = {isa = PBXFileReference; fileEncoding = 4; lastKnownFileType = sourcecode.c.h; path = autolink.h; sourceTree = "<group>"; };
		A6025F111D38E19400A2775A /* config.h */ = {isa = PBXFileReference; fileEncoding = 4; lastKnownFileType = sourcecode.c.h; path = config.h; sourceTree = "<group>"; };
		A6025F121D38E19400A2775A /* features.h */ = {isa = PBXFileReference; fileEncoding = 4; lastKnownFileType = sourcecode.c.h; path = features.h; sourceTree = "<group>"; };
		A6025F131D38E19400A2775A /* forwards.h */ = {isa = PBXFileReference; fileEncoding = 4; lastKnownFileType = sourcecode.c.h; path = forwards.h; sourceTree = "<group>"; };
		A6025F141D38E19400A2775A /* json.h */ = {isa = PBXFileReference; fileEncoding = 4; lastKnownFileType = sourcecode.c.h; path = json.h; sourceTree = "<group>"; };
		A6025F151D38E19400A2775A /* reader.h */ = {isa = PBXFileReference; fileEncoding = 4; lastKnownFileType = sourcecode.c.h; path = reader.h; sourceTree = "<group>"; };
		A6025F161D38E19400A2775A /* value.h */ = {isa = PBXFileReference; fileEncoding = 4; lastKnownFileType = sourcecode.c.h; path = value.h; sourceTree = "<group>"; };
		A6025F171D38E19400A2775A /* writer.h */ = {isa = PBXFileReference; fileEncoding = 4; lastKnownFileType = sourcecode.c.h; path = writer.h; sourceTree = "<group>"; };
		A6025F201D38E19400A2775A /* json_reader.cpp */ = {isa = PBXFileReference; fileEncoding = 4; lastKnownFileType = sourcecode.cpp.cpp; path = json_reader.cpp; sourceTree = "<group>"; };
		A6025F211D38E19400A2775A /* json_value.cpp */ = {isa = PBXFileReference; fileEncoding = 4; lastKnownFileType = sourcecode.cpp.cpp; path = json_value.cpp; sourceTree = "<group>"; };
		A6025F221D38E19400A2775A /* json_valueiterator.inl */ = {isa = PBXFileReference; fileEncoding = 4; lastKnownFileType = text; path = json_valueiterator.inl; sourceTree = "<group>"; };
		A6025F231D38E19400A2775A /* json_writer.cpp */ = {isa = PBXFileReference; fileEncoding = 4; lastKnownFileType = sourcecode.cpp.cpp; path = json_writer.cpp; sourceTree = "<group>"; };
/* End PBXFileReference section */

/* Begin PBXFrameworksBuildPhase section */
		A6025EFF1D38E15D00A2775A /* Frameworks */ = {
			isa = PBXFrameworksBuildPhase;
			buildActionMask = 2147483647;
			files = (
			);
			runOnlyForDeploymentPostprocessing = 0;
		};
/* End PBXFrameworksBuildPhase section */

/* Begin PBXGroup section */
		A6025EF91D38E15D00A2775A = {
			isa = PBXGroup;
			children = (
				A6025F0E1D38E19400A2775A /* include */,
				A6025F181D38E19400A2775A /* src */,
				A6025F031D38E15D00A2775A /* Products */,
			);
			sourceTree = "<group>";
		};
		A6025F031D38E15D00A2775A /* Products */ = {
			isa = PBXGroup;
			children = (
				A6025F021D38E15D00A2775A /* libjson.a */,
			);
			name = Products;
			sourceTree = "<group>";
		};
		A6025F0E1D38E19400A2775A /* include */ = {
			isa = PBXGroup;
			children = (
				A6025F0F1D38E19400A2775A /* json */,
			);
			name = include;
			path = ../../jsoncpp/include;
			sourceTree = "<group>";
		};
		A6025F0F1D38E19400A2775A /* json */ = {
			isa = PBXGroup;
			children = (
				A6025F101D38E19400A2775A /* autolink.h */,
				A6025F111D38E19400A2775A /* config.h */,
				A6025F121D38E19400A2775A /* features.h */,
				A6025F131D38E19400A2775A /* forwards.h */,
				A6025F141D38E19400A2775A /* json.h */,
				A6025F151D38E19400A2775A /* reader.h */,
				A6025F161D38E19400A2775A /* value.h */,
				A6025F171D38E19400A2775A /* writer.h */,
			);
			path = json;
			sourceTree = "<group>";
		};
		A6025F181D38E19400A2775A /* src */ = {
			isa = PBXGroup;
			children = (
				A6025F1C1D38E19400A2775A /* lib_json */,
			);
			name = src;
			path = ../../jsoncpp/src;
			sourceTree = "<group>";
		};
		A6025F1C1D38E19400A2775A /* lib_json */ = {
			isa = PBXGroup;
			children = (
				A6025F201D38E19400A2775A /* json_reader.cpp */,
				A6025F211D38E19400A2775A /* json_value.cpp */,
				A6025F221D38E19400A2775A /* json_valueiterator.inl */,
				A6025F231D38E19400A2775A /* json_writer.cpp */,
			);
			path = lib_json;
			sourceTree = "<group>";
		};
/* End PBXGroup section */

/* Begin PBXNativeTarget section */
		A6025F011D38E15D00A2775A /* json */ = {
			isa = PBXNativeTarget;
			buildConfigurationList = A6025F0B1D38E15D00A2775A /* Build configuration list for PBXNativeTarget "json" */;
			buildPhases = (
				A6025EFE1D38E15D00A2775A /* Sources */,
				A6025EFF1D38E15D00A2775A /* Frameworks */,
				A6025F001D38E15D00A2775A /* CopyFiles */,
			);
			buildRules = (
			);
			dependencies = (
			);
			name = json;
			productName = json;
			productReference = A6025F021D38E15D00A2775A /* libjson.a */;
			productType = "com.apple.product-type.library.static";
		};
/* End PBXNativeTarget section */

/* Begin PBXProject section */
		A6025EFA1D38E15D00A2775A /* Project object */ = {
			isa = PBXProject;
			attributes = {
				LastUpgradeCheck = 0730;
				ORGANIZATIONNAME = diguozai;
				TargetAttributes = {
					A6025F011D38E15D00A2775A = {
						CreatedOnToolsVersion = 7.3.1;
						DevelopmentTeam = C5RCF6M5B9;
					};
				};
			};
			buildConfigurationList = A6025EFD1D38E15D00A2775A /* Build configuration list for PBXProject "json" */;
			compatibilityVersion = "Xcode 3.2";
			developmentRegion = English;
			hasScannedForEncodings = 0;
			knownRegions = (
				en,
			);
			mainGroup = A6025EF91D38E15D00A2775A;
			productRefGroup = A6025F031D38E15D00A2775A /* Products */;
			projectDirPath = "";
			projectRoot = "";
			targets = (
				A6025F011D38E15D00A2775A /* json */,
			);
		};
/* End PBXProject section */

/* Begin PBXSourcesBuildPhase section */
		A6025EFE1D38E15D00A2775A /* Sources */ = {
			isa = PBXSourcesBuildPhase;
			buildActionMask = 2147483647;
			files = (
				A6025F2B1D38E19400A2775A /* json_reader.cpp in Sources */,
				A6025F2C1D38E19400A2775A /* json_value.cpp in Sources */,
				A6025F2D1D38E19400A2775A /* json_writer.cpp in Sources */,
			);
			runOnlyForDeploymentPostprocessing = 0;
		};
/* End PBXSourcesBuildPhase section */

/* Begin XCBuildConfiguration section */
		A6025F091D38E15D00A2775A /* Debug */ = {
			isa = XCBuildConfiguration;
			buildSettings = {
				ALWAYS_SEARCH_USER_PATHS = NO;
				CLANG_ANALYZER_NONNULL = YES;
				CLANG_CXX_LANGUAGE_STANDARD = "gnu++0x";
				CLANG_CXX_LIBRARY = "libc++";
				CLANG_ENABLE_MODULES = YES;
				CLANG_ENABLE_OBJC_ARC = YES;
				CLANG_WARN_BOOL_CONVERSION = YES;
				CLANG_WARN_CONSTANT_CONVERSION = YES;
				CLANG_WARN_DIRECT_OBJC_ISA_USAGE = YES_ERROR;
				CLANG_WARN_EMPTY_BODY = YES;
				CLANG_WARN_ENUM_CONVERSION = YES;
				CLANG_WARN_INT_CONVERSION = YES;
				CLANG_WARN_OBJC_ROOT_CLASS = YES_ERROR;
				CLANG_WARN_UNREACHABLE_CODE = YES;
				CLANG_WARN__DUPLICATE_METHOD_MATCH = YES;
				"CODE_SIGN_IDENTITY[sdk=iphoneos*]" = "iPhone Developer";
				COPY_PHASE_STRIP = NO;
				DEBUG_INFORMATION_FORMAT = dwarf;
				ENABLE_STRICT_OBJC_MSGSEND = YES;
				ENABLE_TESTABILITY = YES;
				GCC_C_LANGUAGE_STANDARD = gnu99;
				GCC_DYNAMIC_NO_PIC = NO;
				GCC_NO_COMMON_BLOCKS = YES;
				GCC_OPTIMIZATION_LEVEL = 0;
				GCC_PREPROCESSOR_DEFINITIONS = (
					"DEBUG=1",
					"$(inherited)",
				);
				GCC_WARN_64_TO_32_BIT_CONVERSION = YES;
				GCC_WARN_ABOUT_RETURN_TYPE = YES_ERROR;
				GCC_WARN_UNDECLARED_SELECTOR = YES;
				GCC_WARN_UNINITIALIZED_AUTOS = YES_AGGRESSIVE;
				GCC_WARN_UNUSED_FUNCTION = YES;
				GCC_WARN_UNUSED_VARIABLE = YES;
				IPHONEOS_DEPLOYMENT_TARGET = 9.3;
				MTL_ENABLE_DEBUG_INFO = YES;
				ONLY_ACTIVE_ARCH = YES;
				SDKROOT = iphoneos;
			};
			name = Debug;
		};
		A6025F0A1D38E15D00A2775A /* Release */ = {
			isa = XCBuildConfiguration;
			buildSettings = {
				ALWAYS_SEARCH_USER_PATHS = NO;
				CLANG_ANALYZER_NONNULL = YES;
				CLANG_CXX_LANGUAGE_STANDARD = "gnu++0x";
				CLANG_CXX_LIBRARY = "libc++";
				CLANG_ENABLE_MODULES = YES;
				CLANG_ENABLE_OBJC_ARC = YES;
				CLANG_WARN_BOOL_CONVERSION = YES;
				CLANG_WARN_CONSTANT_CONVERSION = YES;
				CLANG_WARN_DIRECT_OBJC_ISA_USAGE = YES_ERROR;
				CLANG_WARN_EMPTY_BODY = YES;
				CLANG_WARN_ENUM_CONVERSION = YES;
				CLANG_WARN_INT_CONVERSION = YES;
				CLANG_WARN_OBJC_ROOT_CLASS = YES_ERROR;
				CLANG_WARN_UNREACHABLE_CODE = YES;
				CLANG_WARN__DUPLICATE_METHOD_MATCH = YES;
				"CODE_SIGN_IDENTITY[sdk=iphoneos*]" = "iPhone Developer";
				COPY_PHASE_STRIP = NO;
				DEBUG_INFORMATION_FORMAT = "dwarf-with-dsym";
				ENABLE_NS_ASSERTIONS = NO;
				ENABLE_STRICT_OBJC_MSGSEND = YES;
				GCC_C_LANGUAGE_STANDARD = gnu99;
				GCC_NO_COMMON_BLOCKS = YES;
				GCC_WARN_64_TO_32_BIT_CONVERSION = YES;
				GCC_WARN_ABOUT_RETURN_TYPE = YES_ERROR;
				GCC_WARN_UNDECLARED_SELECTOR = YES;
				GCC_WARN_UNINITIALIZED_AUTOS = YES_AGGRESSIVE;
				GCC_WARN_UNUSED_FUNCTION = YES;
				GCC_WARN_UNUSED_VARIABLE = YES;
				IPHONEOS_DEPLOYMENT_TARGET = 9.3;
				MTL_ENABLE_DEBUG_INFO = NO;
				SDKROOT = iphoneos;
				VALIDATE_PRODUCT = YES;
			};
			name = Release;
		};
		A6025F0C1D38E15D00A2775A /* Debug */ = {
			isa = XCBuildConfiguration;
			buildSettings = {
				ALWAYS_SEARCH_USER_PATHS = YES;
				GCC_PREPROCESSOR_DEFINITIONS = (
					"DEBUG=1",
					"$(inherited)",
					NDEBUG,
				);
				HEADER_SEARCH_PATHS = "$(SRCROOT)/../../jsoncpp/include";
				IPHONEOS_DEPLOYMENT_TARGET = 7.0;
				ONLY_ACTIVE_ARCH = NO;
				OTHER_CFLAGS = "-fembed-bitcode";
				OTHER_LDFLAGS = "-ObjC";
				PRODUCT_NAME = "$(TARGET_NAME)";
				SKIP_INSTALL = YES;
				VALID_ARCHS = "arm64 armv7";
			};
			name = Debug;
		};
		A6025F0D1D38E15D00A2775A /* Release */ = {
			isa = XCBuildConfiguration;
			buildSettings = {
				ALWAYS_SEARCH_USER_PATHS = YES;
				GCC_PREPROCESSOR_DEFINITIONS = NDEBUG;
				HEADER_SEARCH_PATHS = "$(SRCROOT)/../../jsoncpp/include";
				IPHONEOS_DEPLOYMENT_TARGET = 7.0;
				OTHER_CFLAGS = "-fembed-bitcode";
				OTHER_LDFLAGS = "-ObjC";
				PRODUCT_NAME = "$(TARGET_NAME)";
				SKIP_INSTALL = YES;
				VALID_ARCHS = "arm64 armv7";
			};
			name = Release;
		};
/* End XCBuildConfiguration section */

/* Begin XCConfigurationList section */
		A6025EFD1D38E15D00A2775A /* Build configuration list for PBXProject "json" */ = {
			isa = XCConfigurationList;
			buildConfigurations = (
				A6025F091D38E15D00A2775A /* Debug */,
				A6025F0A1D38E15D00A2775A /* Release */,
			);
			defaultConfigurationIsVisible = 0;
			defaultConfigurationName = Release;
		};
		A6025F0B1D38E15D00A2775A /* Build configuration list for PBXNativeTarget "json" */ = {
			isa = XCConfigurationList;
			buildConfigurations = (
				A6025F0C1D38E15D00A2775A /* Debug */,
				A6025F0D1D38E15D00A2775A /* Release */,
			);
			defaultConfigurationIsVisible = 0;
			defaultConfigurationName = Release;
		};
/* End XCConfigurationList section */
	};
	rootObject = A6025EFA1D38E15D00A2775A /* Project object */;
}
